
Microsoft Visual Studio Solution File, Format Version 12.00
# Visual Studio Version 17
VisualStudioVersion = 17.14.36310.24 d17.14
MinimumVisualStudioVersion = 10.0.40219.1
Project("{FAE04EC0-301F-11D3-BF4B-00C04F79EFBC}") = "OpcUaClient", "OpcUaClient\OpcUaClient.csproj", "{3476C2B9-A1EA-4332-92A2-029B265F351D}"
EndProject
Global
	GlobalSection(SolutionConfigurationPlatforms) = preSolution
		Debug|Any CPU = Debug|Any CPU
		Release|Any CPU = Release|Any CPU
	EndGlobalSection
	GlobalSection(ProjectConfigurationPlatforms) = postSolution
		{3476C2B9-A1EA-4332-92A2-029B265F351D}.Debug|Any CPU.ActiveCfg = Debug|Any CPU
		{3476C2B9-A1EA-4332-92A2-029B265F351D}.Debug|Any CPU.Build.0 = Debug|Any CPU
		{3476C2B9-A1EA-4332-92A2-029B265F351D}.Release|Any CPU.ActiveCfg = Release|Any CPU
		{3476C2B9-A1EA-4332-92A2-029B265F351D}.Release|Any CPU.Build.0 = Release|Any CPU
	EndGlobalSection
	GlobalSection(SolutionProperties) = preSolution
		HideSolutionNode = FALSE
	EndGlobalSection
	GlobalSection(ExtensibilityGlobals) = postSolution
		SolutionGuid = {DC58EABE-3609-4EE8-A2AD-1E8F966780ED}
	EndGlobalSection
EndGlobal
